// !$*UTF8*$!
{
	archiveVersion = 1;
	classes = {
	};
	objectVersion = 46;
	objects = {

/* Begin PBXBuildFile section */
		500AB54E1DBB7A9300730D86 /* ListViewController.m in Sources */ = {isa = PBXBuildFile; fileRef = 500AB54D1DBB7A9300730D86 /* ListViewController.m */; };
		500AB5511DBBA4F800730D86 /* EGOManager.m in Sources */ = {isa = PBXBuildFile; fileRef = 500AB5501DBBA4F800730D86 /* EGOManager.m */; };
		500AB5551DBEDE9800730D86 /* GroupModel.m in Sources */ = {isa = PBXBuildFile; fileRef = 500AB5541DBEDE9800730D86 /* GroupModel.m */; };
		501601311DA4EF1400F4A5BD /* main.m in Sources */ = {isa = PBXBuildFile; fileRef = 501601301DA4EF1400F4A5BD /* main.m */; };
		501601341DA4EF1400F4A5BD /* AppDelegate.m in Sources */ = {isa = PBXBuildFile; fileRef = 501601331DA4EF1400F4A5BD /* AppDelegate.m */; };
		501601371DA4EF1400F4A5BD /* ControlPanelViewController.m in Sources */ = {isa = PBXBuildFile; fileRef = 501601361DA4EF1400F4A5BD /* ControlPanelViewController.m */; };
		5016013A1DA4EF1400F4A5BD /* Main.storyboard in Resources */ = {isa = PBXBuildFile; fileRef = 501601381DA4EF1400F4A5BD /* Main.storyboard */; };
		5016013C1DA4EF1400F4A5BD /* Assets.xcassets in Resources */ = {isa = PBXBuildFile; fileRef = 5016013B1DA4EF1400F4A5BD /* Assets.xcassets */; };
		5016013F1DA4EF1400F4A5BD /* LaunchScreen.storyboard in Resources */ = {isa = PBXBuildFile; fileRef = 5016013D1DA4EF1400F4A5BD /* LaunchScreen.storyboard */; };
		5016014A1DA4EF1400F4A5BD /* OpenHardwareUITests.m in Sources */ = {isa = PBXBuildFile; fileRef = 501601491DA4EF1400F4A5BD /* OpenHardwareUITests.m */; };
		501601551DA5574F00F4A5BD /* AmazonAd.framework in Frameworks */ = {isa = PBXBuildFile; fileRef = 501601541DA5574F00F4A5BD /* AmazonAd.framework */; };
		501601571DA5598200F4A5BD /* AdSupport.framework in Frameworks */ = {isa = PBXBuildFile; fileRef = 501601561DA5598200F4A5BD /* AdSupport.framework */; };
		501601591DA5598E00F4A5BD /* CoreLocation.framework in Frameworks */ = {isa = PBXBuildFile; fileRef = 501601581DA5598E00F4A5BD /* CoreLocation.framework */; };
		5016015B1DA5599A00F4A5BD /* SystemConfiguration.framework in Frameworks */ = {isa = PBXBuildFile; fileRef = 5016015A1DA5599A00F4A5BD /* SystemConfiguration.framework */; };
		5016015D1DA559A600F4A5BD /* CoreTelephony.framework in Frameworks */ = {isa = PBXBuildFile; fileRef = 5016015C1DA559A600F4A5BD /* CoreTelephony.framework */; };
		5016015F1DA559B400F4A5BD /* MediaPlayer.framework in Frameworks */ = {isa = PBXBuildFile; fileRef = 5016015E1DA559B400F4A5BD /* MediaPlayer.framework */; };
		501601621DA559C200F4A5BD /* EventKit.framework in Frameworks */ = {isa = PBXBuildFile; fileRef = 501601601DA559C200F4A5BD /* EventKit.framework */; };
		501601631DA559C200F4A5BD /* EventKitUI.framework in Frameworks */ = {isa = PBXBuildFile; fileRef = 501601611DA559C200F4A5BD /* EventKitUI.framework */; };
		501601651DA559CD00F4A5BD /* StoreKit.framework in Frameworks */ = {isa = PBXBuildFile; fileRef = 501601641DA559CD00F4A5BD /* StoreKit.framework */; };
		501601671DA559D900F4A5BD /* QuartzCore.framework in Frameworks */ = {isa = PBXBuildFile; fileRef = 501601661DA559D900F4A5BD /* QuartzCore.framework */; };
		501601691DA559E300F4A5BD /* JavaScriptCore.framework in Frameworks */ = {isa = PBXBuildFile; fileRef = 501601681DA559E300F4A5BD /* JavaScriptCore.framework */; };
		5016016B1DA559F100F4A5BD /* SafariServices.framework in Frameworks */ = {isa = PBXBuildFile; fileRef = 5016016A1DA559F100F4A5BD /* SafariServices.framework */; };
		5016016F1DA602F300F4A5BD /* baseNavigationViewController.m in Sources */ = {isa = PBXBuildFile; fileRef = 5016016E1DA602F300F4A5BD /* baseNavigationViewController.m */; };
		501601731DA603E200F4A5BD /* HWNavigationController.m in Sources */ = {isa = PBXBuildFile; fileRef = 501601721DA603E200F4A5BD /* HWNavigationController.m */; };
		501601771DA634BF00F4A5BD /* HomeTableViewController.m in Sources */ = {isa = PBXBuildFile; fileRef = 501601761DA634BF00F4A5BD /* HomeTableViewController.m */; };
		5016017D1DA76B8000F4A5BD /* XFSegementView.m in Sources */ = {isa = PBXBuildFile; fileRef = 5016017C1DA76B8000F4A5BD /* XFSegementView.m */; };
		501601801DA76B9600F4A5BD /* baseViewController.m in Sources */ = {isa = PBXBuildFile; fileRef = 5016017F1DA76B9600F4A5BD /* baseViewController.m */; };
		501601831DA7864300F4A5BD /* channelCellBtn.m in Sources */ = {isa = PBXBuildFile; fileRef = 501601821DA7864300F4A5BD /* channelCellBtn.m */; };
		501601861DA813FF00F4A5BD /* channelAll.m in Sources */ = {isa = PBXBuildFile; fileRef = 501601851DA813FF00F4A5BD /* channelAll.m */; };
		5016018A1DA93D9400F4A5BD /* ConfigurationListController.m in Sources */ = {isa = PBXBuildFile; fileRef = 501601891DA93D9400F4A5BD /* ConfigurationListController.m */; };
		5016018D1DA9455100F4A5BD /* baseTableViewController.m in Sources */ = {isa = PBXBuildFile; fileRef = 5016018C1DA9455100F4A5BD /* baseTableViewController.m */; };
		501601901DAA0B4300F4A5BD /* FileUnitManager.m in Sources */ = {isa = PBXBuildFile; fileRef = 5016018F1DAA0B4300F4A5BD /* FileUnitManager.m */; };
		501601931DAA34BB00F4A5BD /* DBManager.m in Sources */ = {isa = PBXBuildFile; fileRef = 501601921DAA34BB00F4A5BD /* DBManager.m */; };
		501601971DAA9D5300F4A5BD /* IP_and_PortController.m in Sources */ = {isa = PBXBuildFile; fileRef = 501601961DAA9D5300F4A5BD /* IP_and_PortController.m */; };
		5016019B1DAAA20000F4A5BD /* settingCell.m in Sources */ = {isa = PBXBuildFile; fileRef = 5016019A1DAAA1FF00F4A5BD /* settingCell.m */; };
		504103141DB253A000205A22 /* IdentifierValidator.m in Sources */ = {isa = PBXBuildFile; fileRef = 504103131DB253A000205A22 /* IdentifierValidator.m */; };
		504103181DB2917E00205A22 /* ButtonNameController.m in Sources */ = {isa = PBXBuildFile; fileRef = 504103171DB2917E00205A22 /* ButtonNameController.m */; };
		5041031C1DB36ED500205A22 /* GroupViewController.m in Sources */ = {isa = PBXBuildFile; fileRef = 5041031B1DB36ED500205A22 /* GroupViewController.m */; };
		5041031F1DB3CB8700205A22 /* GroupSetViewController.m in Sources */ = {isa = PBXBuildFile; fileRef = 5041031E1DB3CB8700205A22 /* GroupSetViewController.m */; };
		50D8AF351DC71F0C00882E88 /* TimeListController.m in Sources */ = {isa = PBXBuildFile; fileRef = 50D8AF341DC71F0C00882E88 /* TimeListController.m */; };
		50D8AF391DC7204A00882E88 /* timerModel.m in Sources */ = {isa = PBXBuildFile; fileRef = 50D8AF381DC7204A00882E88 /* timerModel.m */; };
		50D8AF3C1DC7242C00882E88 /* NSTimer+BlockSupports.m in Sources */ = {isa = PBXBuildFile; fileRef = 50D8AF3B1DC7242C00882E88 /* NSTimer+BlockSupports.m */; };
		50D8AF3F1DC86B6400882E88 /* TimeSetViewController.m in Sources */ = {isa = PBXBuildFile; fileRef = 50D8AF3E1DC86B6400882E88 /* TimeSetViewController.m */; };
		50D8AF421DC899D000882E88 /* ListTimeViewController.m in Sources */ = {isa = PBXBuildFile; fileRef = 50D8AF411DC899D000882E88 /* ListTimeViewController.m */; };
		DEF6E7787B883E041E81DBA6 /* libPods-OpenHardware.a in Frameworks */ = {isa = PBXBuildFile; fileRef = 525FE350F07C11F19FA90568 /* libPods-OpenHardware.a */; };
/* End PBXBuildFile section */

/* Begin PBXContainerItemProxy section */
		501601461DA4EF1400F4A5BD /* PBXContainerItemProxy */ = {
			isa = PBXContainerItemProxy;
			containerPortal = 501601241DA4EF1400F4A5BD /* Project object */;
			proxyType = 1;
			remoteGlobalIDString = 5016012B1DA4EF1400F4A5BD;
			remoteInfo = OpenHardware;
		};
/* End PBXContainerItemProxy section */

/* Begin PBXFileReference section */
		393E0A4415E7BCF321AB96F8 /* Pods-OpenHardware.release.xcconfig */ = {isa = PBXFileReference; includeInIndex = 1; lastKnownFileType = text.xcconfig; name = "Pods-OpenHardware.release.xcconfig"; path = "Pods/Target Support Files/Pods-OpenHardware/Pods-OpenHardware.release.xcconfig"; sourceTree = "<group>"; };
		500AB54C1DBB7A9300730D86 /* ListViewController.h */ = {isa = PBXFileReference; fileEncoding = 4; lastKnownFileType = sourcecode.c.h; path = ListViewController.h; sourceTree = "<group>"; };
		500AB54D1DBB7A9300730D86 /* ListViewController.m */ = {isa = PBXFileReference; fileEncoding = 4; lastKnownFileType = sourcecode.c.objc; path = ListViewController.m; sourceTree = "<group>"; };
		500AB54F1DBBA4F800730D86 /* EGOManager.h */ = {isa = PBXFileReference; fileEncoding = 4; lastKnownFileType = sourcecode.c.h; path = EGOManager.h; sourceTree = "<group>"; };
		500AB5501DBBA4F800730D86 /* EGOManager.m */ = {isa = PBXFileReference; fileEncoding = 4; lastKnownFileType = sourcecode.c.objc; path = EGOManager.m; sourceTree = "<group>"; };
		500AB5531DBEDE9800730D86 /* GroupModel.h */ = {isa = PBXFileReference; fileEncoding = 4; lastKnownFileType = sourcecode.c.h; path = GroupModel.h; sourceTree = "<group>"; };
		500AB5541DBEDE9800730D86 /* GroupModel.m */ = {isa = PBXFileReference; fileEncoding = 4; lastKnownFileType = sourcecode.c.objc; path = GroupModel.m; sourceTree = "<group>"; };
		5016012C1DA4EF1400F4A5BD /* OpenHardware.app */ = {isa = PBXFileReference; explicitFileType = wrapper.application; includeInIndex = 0; path = OpenHardware.app; sourceTree = BUILT_PRODUCTS_DIR; };
		501601301DA4EF1400F4A5BD /* main.m */ = {isa = PBXFileReference; lastKnownFileType = sourcecode.c.objc; path = main.m; sourceTree = "<group>"; };
		501601321DA4EF1400F4A5BD /* AppDelegate.h */ = {isa = PBXFileReference; lastKnownFileType = sourcecode.c.h; path = AppDelegate.h; sourceTree = "<group>"; };
		501601331DA4EF1400F4A5BD /* AppDelegate.m */ = {isa = PBXFileReference; lastKnownFileType = sourcecode.c.objc; path = AppDelegate.m; sourceTree = "<group>"; };
		501601351DA4EF1400F4A5BD /* ControlPanelViewController.h */ = {isa = PBXFileReference; lastKnownFileType = sourcecode.c.h; name = ControlPanelViewController.h; path = ../ControlPanelViewController.h; sourceTree = "<group>"; };
		501601361DA4EF1400F4A5BD /* ControlPanelViewController.m */ = {isa = PBXFileReference; lastKnownFileType = sourcecode.c.objc; name = ControlPanelViewController.m; path = ../ControlPanelViewController.m; sourceTree = "<group>"; };
		501601391DA4EF1400F4A5BD /* Base */ = {isa = PBXFileReference; lastKnownFileType = file.storyboard; name = Base; path = Base.lproj/Main.storyboard; sourceTree = "<group>"; };
		5016013B1DA4EF1400F4A5BD /* Assets.xcassets */ = {isa = PBXFileReference; lastKnownFileType = folder.assetcatalog; path = Assets.xcassets; sourceTree = "<group>"; };
		5016013E1DA4EF1400F4A5BD /* Base */ = {isa = PBXFileReference; lastKnownFileType = file.storyboard; name = Base; path = Base.lproj/LaunchScreen.storyboard; sourceTree = "<group>"; };
		501601401DA4EF1400F4A5BD /* Info.plist */ = {isa = PBXFileReference; lastKnownFileType = text.plist.xml; path = Info.plist; sourceTree = "<group>"; };
		501601451DA4EF1400F4A5BD /* OpenHardwareUITests.xctest */ = {isa = PBXFileReference; explicitFileType = wrapper.cfbundle; includeInIndex = 0; path = OpenHardwareUITests.xctest; sourceTree = BUILT_PRODUCTS_DIR; };
		501601491DA4EF1400F4A5BD /* OpenHardwareUITests.m */ = {isa = PBXFileReference; lastKnownFileType = sourcecode.c.objc; path = OpenHardwareUITests.m; sourceTree = "<group>"; };
		5016014B1DA4EF1400F4A5BD /* Info.plist */ = {isa = PBXFileReference; lastKnownFileType = text.plist.xml; path = Info.plist; sourceTree = "<group>"; };
		501601541DA5574F00F4A5BD /* AmazonAd.framework */ = {isa = PBXFileReference; lastKnownFileType = wrapper.framework; path = AmazonAd.framework; sourceTree = "<group>"; };
		501601561DA5598200F4A5BD /* AdSupport.framework */ = {isa = PBXFileReference; lastKnownFileType = wrapper.framework; name = AdSupport.framework; path = System/Library/Frameworks/AdSupport.framework; sourceTree = SDKROOT; };
		501601581DA5598E00F4A5BD /* CoreLocation.framework */ = {isa = PBXFileReference; lastKnownFileType = wrapper.framework; name = CoreLocation.framework; path = System/Library/Frameworks/CoreLocation.framework; sourceTree = SDKROOT; };
		5016015A1DA5599A00F4A5BD /* SystemConfiguration.framework */ = {isa = PBXFileReference; lastKnownFileType = wrapper.framework; name = SystemConfiguration.framework; path = System/Library/Frameworks/SystemConfiguration.framework; sourceTree = SDKROOT; };
		5016015C1DA559A600F4A5BD /* CoreTelephony.framework */ = {isa = PBXFileReference; lastKnownFileType = wrapper.framework; name = CoreTelephony.framework; path = System/Library/Frameworks/CoreTelephony.framework; sourceTree = SDKROOT; };
		5016015E1DA559B400F4A5BD /* MediaPlayer.framework */ = {isa = PBXFileReference; lastKnownFileType = wrapper.framework; name = MediaPlayer.framework; path = System/Library/Frameworks/MediaPlayer.framework; sourceTree = SDKROOT; };
		501601601DA559C200F4A5BD /* EventKit.framework */ = {isa = PBXFileReference; lastKnownFileType = wrapper.framework; name = EventKit.framework; path = System/Library/Frameworks/EventKit.framework; sourceTree = SDKROOT; };
		501601611DA559C200F4A5BD /* EventKitUI.framework */ = {isa = PBXFileReference; lastKnownFileType = wrapper.framework; name = EventKitUI.framework; path = System/Library/Frameworks/EventKitUI.framework; sourceTree = SDKROOT; };
		501601641DA559CD00F4A5BD /* StoreKit.framework */ = {isa = PBXFileReference; lastKnownFileType = wrapper.framework; name = StoreKit.framework; path = System/Library/Frameworks/StoreKit.framework; sourceTree = SDKROOT; };
		501601661DA559D900F4A5BD /* QuartzCore.framework */ = {isa = PBXFileReference; lastKnownFileType = wrapper.framework; name = QuartzCore.framework; path = System/Library/Frameworks/QuartzCore.framework; sourceTree = SDKROOT; };
		501601681DA559E300F4A5BD /* JavaScriptCore.framework */ = {isa = PBXFileReference; lastKnownFileType = wrapper.framework; name = JavaScriptCore.framework; path = System/Library/Frameworks/JavaScriptCore.framework; sourceTree = SDKROOT; };
		5016016A1DA559F100F4A5BD /* SafariServices.framework */ = {isa = PBXFileReference; lastKnownFileType = wrapper.framework; name = SafariServices.framework; path = System/Library/Frameworks/SafariServices.framework; sourceTree = SDKROOT; };
		5016016D1DA602F300F4A5BD /* baseNavigationViewController.h */ = {isa = PBXFileReference; fileEncoding = 4; lastKnownFileType = sourcecode.c.h; path = baseNavigationViewController.h; sourceTree = "<group>"; };
		5016016E1DA602F300F4A5BD /* baseNavigationViewController.m */ = {isa = PBXFileReference; fileEncoding = 4; lastKnownFileType = sourcecode.c.objc; path = baseNavigationViewController.m; sourceTree = "<group>"; };
		501601711DA603E200F4A5BD /* HWNavigationController.h */ = {isa = PBXFileReference; fileEncoding = 4; lastKnownFileType = sourcecode.c.h; path = HWNavigationController.h; sourceTree = "<group>"; };
		501601721DA603E200F4A5BD /* HWNavigationController.m */ = {isa = PBXFileReference; fileEncoding = 4; lastKnownFileType = sourcecode.c.objc; path = HWNavigationController.m; sourceTree = "<group>"; };
		501601751DA634BF00F4A5BD /* HomeTableViewController.h */ = {isa = PBXFileReference; fileEncoding = 4; lastKnownFileType = sourcecode.c.h; path = HomeTableViewController.h; sourceTree = "<group>"; };
		501601761DA634BF00F4A5BD /* HomeTableViewController.m */ = {isa = PBXFileReference; fileEncoding = 4; lastKnownFileType = sourcecode.c.objc; path = HomeTableViewController.m; sourceTree = "<group>"; };
		5016017B1DA76B8000F4A5BD /* XFSegementView.h */ = {isa = PBXFileReference; fileEncoding = 4; lastKnownFileType = sourcecode.c.h; path = XFSegementView.h; sourceTree = "<group>"; };
		5016017C1DA76B8000F4A5BD /* XFSegementView.m */ = {isa = PBXFileReference; fileEncoding = 4; lastKnownFileType = sourcecode.c.objc; path = XFSegementView.m; sourceTree = "<group>"; };
		5016017E1DA76B9600F4A5BD /* baseViewController.h */ = {isa = PBXFileReference; fileEncoding = 4; lastKnownFileType = sourcecode.c.h; path = baseViewController.h; sourceTree = "<group>"; };
		5016017F1DA76B9600F4A5BD /* baseViewController.m */ = {isa = PBXFileReference; fileEncoding = 4; lastKnownFileType = sourcecode.c.objc; path = baseViewController.m; sourceTree = "<group>"; };
		501601811DA7864300F4A5BD /* channelCellBtn.h */ = {isa = PBXFileReference; fileEncoding = 4; lastKnownFileType = sourcecode.c.h; path = channelCellBtn.h; sourceTree = "<group>"; };
		501601821DA7864300F4A5BD /* channelCellBtn.m */ = {isa = PBXFileReference; fileEncoding = 4; lastKnownFileType = sourcecode.c.objc; path = channelCellBtn.m; sourceTree = "<group>"; };
		501601841DA813FF00F4A5BD /* channelAll.h */ = {isa = PBXFileReference; fileEncoding = 4; lastKnownFileType = sourcecode.c.h; path = channelAll.h; sourceTree = "<group>"; };
		501601851DA813FF00F4A5BD /* channelAll.m */ = {isa = PBXFileReference; fileEncoding = 4; lastKnownFileType = sourcecode.c.objc; path = channelAll.m; sourceTree = "<group>"; };
		501601881DA93D9400F4A5BD /* ConfigurationListController.h */ = {isa = PBXFileReference; fileEncoding = 4; lastKnownFileType = sourcecode.c.h; path = ConfigurationListController.h; sourceTree = "<group>"; };
		501601891DA93D9400F4A5BD /* ConfigurationListController.m */ = {isa = PBXFileReference; fileEncoding = 4; lastKnownFileType = sourcecode.c.objc; path = ConfigurationListController.m; sourceTree = "<group>"; };
		5016018B1DA9455100F4A5BD /* baseTableViewController.h */ = {isa = PBXFileReference; fileEncoding = 4; lastKnownFileType = sourcecode.c.h; path = baseTableViewController.h; sourceTree = "<group>"; };
		5016018C1DA9455100F4A5BD /* baseTableViewController.m */ = {isa = PBXFileReference; fileEncoding = 4; lastKnownFileType = sourcecode.c.objc; path = baseTableViewController.m; sourceTree = "<group>"; };
		5016018E1DAA0B4300F4A5BD /* FileUnitManager.h */ = {isa = PBXFileReference; fileEncoding = 4; lastKnownFileType = sourcecode.c.h; path = FileUnitManager.h; sourceTree = "<group>"; };
		5016018F1DAA0B4300F4A5BD /* FileUnitManager.m */ = {isa = PBXFileReference; fileEncoding = 4; lastKnownFileType = sourcecode.c.objc; path = FileUnitManager.m; sourceTree = "<group>"; };
		501601911DAA34BB00F4A5BD /* DBManager.h */ = {isa = PBXFileReference; fileEncoding = 4; lastKnownFileType = sourcecode.c.h; path = DBManager.h; sourceTree = "<group>"; };
		501601921DAA34BB00F4A5BD /* DBManager.m */ = {isa = PBXFileReference; fileEncoding = 4; lastKnownFileType = sourcecode.c.objc; path = DBManager.m; sourceTree = "<group>"; };
		501601951DAA9D5300F4A5BD /* IP_and_PortController.h */ = {isa = PBXFileReference; fileEncoding = 4; lastKnownFileType = sourcecode.c.h; path = IP_and_PortController.h; sourceTree = "<group>"; };
		501601961DAA9D5300F4A5BD /* IP_and_PortController.m */ = {isa = PBXFileReference; fileEncoding = 4; lastKnownFileType = sourcecode.c.objc; path = IP_and_PortController.m; sourceTree = "<group>"; };
		501601991DAAA1FF00F4A5BD /* settingCell.h */ = {isa = PBXFileReference; fileEncoding = 4; lastKnownFileType = sourcecode.c.h; path = settingCell.h; sourceTree = "<group>"; };
		5016019A1DAAA1FF00F4A5BD /* settingCell.m */ = {isa = PBXFileReference; fileEncoding = 4; lastKnownFileType = sourcecode.c.objc; path = settingCell.m; sourceTree = "<group>"; };
		504103121DB253A000205A22 /* IdentifierValidator.h */ = {isa = PBXFileReference; fileEncoding = 4; lastKnownFileType = sourcecode.c.h; path = IdentifierValidator.h; sourceTree = "<group>"; };
		504103131DB253A000205A22 /* IdentifierValidator.m */ = {isa = PBXFileReference; fileEncoding = 4; lastKnownFileType = sourcecode.c.objc; path = IdentifierValidator.m; sourceTree = "<group>"; };
		504103161DB2917E00205A22 /* ButtonNameController.h */ = {isa = PBXFileReference; fileEncoding = 4; lastKnownFileType = sourcecode.c.h; path = ButtonNameController.h; sourceTree = "<group>"; };
		504103171DB2917E00205A22 /* ButtonNameController.m */ = {isa = PBXFileReference; fileEncoding = 4; lastKnownFileType = sourcecode.c.objc; path = ButtonNameController.m; sourceTree = "<group>"; };
		5041031A1DB36ED500205A22 /* GroupViewController.h */ = {isa = PBXFileReference; fileEncoding = 4; lastKnownFileType = sourcecode.c.h; path = GroupViewController.h; sourceTree = "<group>"; };
		5041031B1DB36ED500205A22 /* GroupViewController.m */ = {isa = PBXFileReference; fileEncoding = 4; lastKnownFileType = sourcecode.c.objc; path = GroupViewController.m; sourceTree = "<group>"; };
		5041031D1DB3CB8700205A22 /* GroupSetViewController.h */ = {isa = PBXFileReference; fileEncoding = 4; lastKnownFileType = sourcecode.c.h; path = GroupSetViewController.h; sourceTree = "<group>"; };
		5041031E1DB3CB8700205A22 /* GroupSetViewController.m */ = {isa = PBXFileReference; fileEncoding = 4; lastKnownFileType = sourcecode.c.objc; path = GroupSetViewController.m; sourceTree = "<group>"; };
		50D8AF331DC71F0C00882E88 /* TimeListController.h */ = {isa = PBXFileReference; fileEncoding = 4; lastKnownFileType = sourcecode.c.h; path = TimeListController.h; sourceTree = "<group>"; };
		50D8AF341DC71F0C00882E88 /* TimeListController.m */ = {isa = PBXFileReference; fileEncoding = 4; lastKnownFileType = sourcecode.c.objc; path = TimeListController.m; sourceTree = "<group>"; };
		50D8AF371DC7204A00882E88 /* timerModel.h */ = {isa = PBXFileReference; fileEncoding = 4; lastKnownFileType = sourcecode.c.h; path = timerModel.h; sourceTree = "<group>"; };
		50D8AF381DC7204A00882E88 /* timerModel.m */ = {isa = PBXFileReference; fileEncoding = 4; lastKnownFileType = sourcecode.c.objc; path = timerModel.m; sourceTree = "<group>"; };
		50D8AF3A1DC7242C00882E88 /* NSTimer+BlockSupports.h */ = {isa = PBXFileReference; fileEncoding = 4; lastKnownFileType = sourcecode.c.h; path = "NSTimer+BlockSupports.h"; sourceTree = "<group>"; };
		50D8AF3B1DC7242C00882E88 /* NSTimer+BlockSupports.m */ = {isa = PBXFileReference; fileEncoding = 4; lastKnownFileType = sourcecode.c.objc; path = "NSTimer+BlockSupports.m"; sourceTree = "<group>"; };
		50D8AF3D1DC86B6400882E88 /* TimeSetViewController.h */ = {isa = PBXFileReference; fileEncoding = 4; lastKnownFileType = sourcecode.c.h; path = TimeSetViewController.h; sourceTree = "<group>"; };
		50D8AF3E1DC86B6400882E88 /* TimeSetViewController.m */ = {isa = PBXFileReference; fileEncoding = 4; lastKnownFileType = sourcecode.c.objc; path = TimeSetViewController.m; sourceTree = "<group>"; };
		50D8AF401DC899D000882E88 /* ListTimeViewController.h */ = {isa = PBXFileReference; fileEncoding = 4; lastKnownFileType = sourcecode.c.h; path = ListTimeViewController.h; sourceTree = "<group>"; };
		50D8AF411DC899D000882E88 /* ListTimeViewController.m */ = {isa = PBXFileReference; fileEncoding = 4; lastKnownFileType = sourcecode.c.objc; path = ListTimeViewController.m; sourceTree = "<group>"; };
		525FE350F07C11F19FA90568 /* libPods-OpenHardware.a */ = {isa = PBXFileReference; explicitFileType = archive.ar; includeInIndex = 0; path = "libPods-OpenHardware.a"; sourceTree = BUILT_PRODUCTS_DIR; };
		714B0891DC29DEAAA972D1F0 /* Pods-OpenHardware.debug.xcconfig */ = {isa = PBXFileReference; includeInIndex = 1; lastKnownFileType = text.xcconfig; name = "Pods-OpenHardware.debug.xcconfig"; path = "Pods/Target Support Files/Pods-OpenHardware/Pods-OpenHardware.debug.xcconfig"; sourceTree = "<group>"; };
/* End PBXFileReference section */

/* Begin PBXFrameworksBuildPhase section */
		501601291DA4EF1400F4A5BD /* Frameworks */ = {
			isa = PBXFrameworksBuildPhase;
			buildActionMask = 2147483647;
			files = (
				5016016B1DA559F100F4A5BD /* SafariServices.framework in Frameworks */,
				501601691DA559E300F4A5BD /* JavaScriptCore.framework in Frameworks */,
				501601671DA559D900F4A5BD /* QuartzCore.framework in Frameworks */,
				501601651DA559CD00F4A5BD /* StoreKit.framework in Frameworks */,
				501601621DA559C200F4A5BD /* EventKit.framework in Frameworks */,
				501601631DA559C200F4A5BD /* EventKitUI.framework in Frameworks */,
				5016015F1DA559B400F4A5BD /* MediaPlayer.framework in Frameworks */,
				5016015D1DA559A600F4A5BD /* CoreTelephony.framework in Frameworks */,
				5016015B1DA5599A00F4A5BD /* SystemConfiguration.framework in Frameworks */,
				501601591DA5598E00F4A5BD /* CoreLocation.framework in Frameworks */,
				501601571DA5598200F4A5BD /* AdSupport.framework in Frameworks */,
				DEF6E7787B883E041E81DBA6 /* libPods-OpenHardware.a in Frameworks */,
				501601551DA5574F00F4A5BD /* AmazonAd.framework in Frameworks */,
			);
			runOnlyForDeploymentPostprocessing = 0;
		};
		501601421DA4EF1400F4A5BD /* Frameworks */ = {
			isa = PBXFrameworksBuildPhase;
			buildActionMask = 2147483647;
			files = (
			);
			runOnlyForDeploymentPostprocessing = 0;
		};
/* End PBXFrameworksBuildPhase section */

/* Begin PBXGroup section */
		3B42B63F3863D8E2642783D2 /* Pods */ = {
			isa = PBXGroup;
			children = (
				714B0891DC29DEAAA972D1F0 /* Pods-OpenHardware.debug.xcconfig */,
				393E0A4415E7BCF321AB96F8 /* Pods-OpenHardware.release.xcconfig */,
			);
			name = Pods;
			sourceTree = "<group>";
		};
		500AB5451DBB356C00730D86 /* View */ = {
			isa = PBXGroup;
			children = (
			);
			path = View;
			sourceTree = "<group>";
		};
		500AB5521DBEDE5500730D86 /* Model */ = {
			isa = PBXGroup;
			children = (
				500AB5531DBEDE9800730D86 /* GroupModel.h */,
				500AB5541DBEDE9800730D86 /* GroupModel.m */,
			);
			path = Model;
			sourceTree = "<group>";
		};
		501601231DA4EF1400F4A5BD = {
			isa = PBXGroup;
			children = (
				5016012E1DA4EF1400F4A5BD /* OpenHardware */,
				501601481DA4EF1400F4A5BD /* OpenHardwareUITests */,
				5016012D1DA4EF1400F4A5BD /* Products */,
				3B42B63F3863D8E2642783D2 /* Pods */,
				AFB844B1DAD3092479B532F0 /* Frameworks */,
			);
			sourceTree = "<group>";
		};
		5016012D1DA4EF1400F4A5BD /* Products */ = {
			isa = PBXGroup;
			children = (
				5016012C1DA4EF1400F4A5BD /* OpenHardware.app */,
				501601451DA4EF1400F4A5BD /* OpenHardwareUITests.xctest */,
			);
			name = Products;
			sourceTree = "<group>";
		};
		5016012E1DA4EF1400F4A5BD /* OpenHardware */ = {
			isa = PBXGroup;
			children = (
				501601871DA93D6E00F4A5BD /* ConfigurationPanel */,
				501601781DA6A93600F4A5BD /* ControlPanel */,
				501601741DA6348600F4A5BD /* HomeViewController */,
				501601701DA603B100F4A5BD /* Nav */,
				5016016C1DA602CD00F4A5BD /* Extension */,
				501601321DA4EF1400F4A5BD /* AppDelegate.h */,
				501601331DA4EF1400F4A5BD /* AppDelegate.m */,
				501601381DA4EF1400F4A5BD /* Main.storyboard */,
				5016013B1DA4EF1400F4A5BD /* Assets.xcassets */,
				5016013D1DA4EF1400F4A5BD /* LaunchScreen.storyboard */,
				501601401DA4EF1400F4A5BD /* Info.plist */,
				5016012F1DA4EF1400F4A5BD /* Supporting Files */,
			);
			path = OpenHardware;
			sourceTree = "<group>";
		};
		5016012F1DA4EF1400F4A5BD /* Supporting Files */ = {
			isa = PBXGroup;
			children = (
				501601301DA4EF1400F4A5BD /* main.m */,
			);
			name = "Supporting Files";
			sourceTree = "<group>";
		};
		501601481DA4EF1400F4A5BD /* OpenHardwareUITests */ = {
			isa = PBXGroup;
			children = (
				501601491DA4EF1400F4A5BD /* OpenHardwareUITests.m */,
				5016014B1DA4EF1400F4A5BD /* Info.plist */,
			);
			path = OpenHardwareUITests;
			sourceTree = "<group>";
		};
		5016016C1DA602CD00F4A5BD /* Extension */ = {
			isa = PBXGroup;
			children = (
				5016017A1DA76B7F00F4A5BD /* XFSegementView */,
				5016016D1DA602F300F4A5BD /* baseNavigationViewController.h */,
				5016016E1DA602F300F4A5BD /* baseNavigationViewController.m */,
				5016017E1DA76B9600F4A5BD /* baseViewController.h */,
				5016017F1DA76B9600F4A5BD /* baseViewController.m */,
				5016018B1DA9455100F4A5BD /* baseTableViewController.h */,
				5016018C1DA9455100F4A5BD /* baseTableViewController.m */,
				5016018E1DAA0B4300F4A5BD /* FileUnitManager.h */,
				5016018F1DAA0B4300F4A5BD /* FileUnitManager.m */,
				501601911DAA34BB00F4A5BD /* DBManager.h */,
				501601921DAA34BB00F4A5BD /* DBManager.m */,
				504103121DB253A000205A22 /* IdentifierValidator.h */,
				504103131DB253A000205A22 /* IdentifierValidator.m */,
				500AB54F1DBBA4F800730D86 /* EGOManager.h */,
				500AB5501DBBA4F800730D86 /* EGOManager.m */,
			);
			path = Extension;
			sourceTree = "<group>";
		};
		501601701DA603B100F4A5BD /* Nav */ = {
			isa = PBXGroup;
			children = (
				501601711DA603E200F4A5BD /* HWNavigationController.h */,
				501601721DA603E200F4A5BD /* HWNavigationController.m */,
			);
			path = Nav;
			sourceTree = "<group>";
		};
		501601741DA6348600F4A5BD /* HomeViewController */ = {
			isa = PBXGroup;
			children = (
				501601751DA634BF00F4A5BD /* HomeTableViewController.h */,
				501601761DA634BF00F4A5BD /* HomeTableViewController.m */,
			);
			path = HomeViewController;
			sourceTree = "<group>";
		};
		501601781DA6A93600F4A5BD /* ControlPanel */ = {
			isa = PBXGroup;
			children = (
				501601351DA4EF1400F4A5BD /* ControlPanelViewController.h */,
				501601361DA4EF1400F4A5BD /* ControlPanelViewController.m */,
				501601811DA7864300F4A5BD /* channelCellBtn.h */,
				501601821DA7864300F4A5BD /* channelCellBtn.m */,
				501601841DA813FF00F4A5BD /* channelAll.h */,
				501601851DA813FF00F4A5BD /* channelAll.m */,
			);
			path = ControlPanel;
			sourceTree = "<group>";
		};
		5016017A1DA76B7F00F4A5BD /* XFSegementView */ = {
			isa = PBXGroup;
			children = (
				5016017B1DA76B8000F4A5BD /* XFSegementView.h */,
				5016017C1DA76B8000F4A5BD /* XFSegementView.m */,
			);
			path = XFSegementView;
			sourceTree = "<group>";
		};
		501601871DA93D6E00F4A5BD /* ConfigurationPanel */ = {
			isa = PBXGroup;
			children = (
				50D8AF321DC71ED700882E88 /* TimeSchedule */,
				504103191DB36CFB00205A22 /* GroupPanel */,
				504103151DB2915400205A22 /* BasicPanel */,
				501601981DAAA1E600F4A5BD /* View */,
				501601941DAA9D2C00F4A5BD /* IP_And_Port_Panel */,
				501601881DA93D9400F4A5BD /* ConfigurationListController.h */,
				501601891DA93D9400F4A5BD /* ConfigurationListController.m */,
			);
			path = ConfigurationPanel;
			sourceTree = "<group>";
		};
		501601941DAA9D2C00F4A5BD /* IP_And_Port_Panel */ = {
			isa = PBXGroup;
			children = (
				501601951DAA9D5300F4A5BD /* IP_and_PortController.h */,
				501601961DAA9D5300F4A5BD /* IP_and_PortController.m */,
			);
			path = IP_And_Port_Panel;
			sourceTree = "<group>";
		};
		501601981DAAA1E600F4A5BD /* View */ = {
			isa = PBXGroup;
			children = (
				501601991DAAA1FF00F4A5BD /* settingCell.h */,
				5016019A1DAAA1FF00F4A5BD /* settingCell.m */,
			);
			path = View;
			sourceTree = "<group>";
		};
		504103151DB2915400205A22 /* BasicPanel */ = {
			isa = PBXGroup;
			children = (
				504103161DB2917E00205A22 /* ButtonNameController.h */,
				504103171DB2917E00205A22 /* ButtonNameController.m */,
			);
			path = BasicPanel;
			sourceTree = "<group>";
		};
		504103191DB36CFB00205A22 /* GroupPanel */ = {
			isa = PBXGroup;
			children = (
				500AB5521DBEDE5500730D86 /* Model */,
				500AB5451DBB356C00730D86 /* View */,
				5041031A1DB36ED500205A22 /* GroupViewController.h */,
				5041031B1DB36ED500205A22 /* GroupViewController.m */,
				5041031D1DB3CB8700205A22 /* GroupSetViewController.h */,
				5041031E1DB3CB8700205A22 /* GroupSetViewController.m */,
				500AB54C1DBB7A9300730D86 /* ListViewController.h */,
				500AB54D1DBB7A9300730D86 /* ListViewController.m */,
			);
			path = GroupPanel;
			sourceTree = "<group>";
		};
		50D8AF321DC71ED700882E88 /* TimeSchedule */ = {
			isa = PBXGroup;
			children = (
				50D8AF361DC7203900882E88 /* Model */,
				50D8AF331DC71F0C00882E88 /* TimeListController.h */,
				50D8AF341DC71F0C00882E88 /* TimeListController.m */,
				50D8AF3D1DC86B6400882E88 /* TimeSetViewController.h */,
				50D8AF3E1DC86B6400882E88 /* TimeSetViewController.m */,
				50D8AF401DC899D000882E88 /* ListTimeViewController.h */,
				50D8AF411DC899D000882E88 /* ListTimeViewController.m */,
			);
			path = TimeSchedule;
			sourceTree = "<group>";
		};
		50D8AF361DC7203900882E88 /* Model */ = {
			isa = PBXGroup;
			children = (
				50D8AF371DC7204A00882E88 /* timerModel.h */,
				50D8AF381DC7204A00882E88 /* timerModel.m */,
				50D8AF3A1DC7242C00882E88 /* NSTimer+BlockSupports.h */,
				50D8AF3B1DC7242C00882E88 /* NSTimer+BlockSupports.m */,
			);
			path = Model;
			sourceTree = "<group>";
		};
		AFB844B1DAD3092479B532F0 /* Frameworks */ = {
			isa = PBXGroup;
			children = (
				5016016A1DA559F100F4A5BD /* SafariServices.framework */,
				501601681DA559E300F4A5BD /* JavaScriptCore.framework */,
				501601661DA559D900F4A5BD /* QuartzCore.framework */,
				501601641DA559CD00F4A5BD /* StoreKit.framework */,
				501601601DA559C200F4A5BD /* EventKit.framework */,
				501601611DA559C200F4A5BD /* EventKitUI.framework */,
				5016015E1DA559B400F4A5BD /* MediaPlayer.framework */,
				5016015C1DA559A600F4A5BD /* CoreTelephony.framework */,
				5016015A1DA5599A00F4A5BD /* SystemConfiguration.framework */,
				501601581DA5598E00F4A5BD /* CoreLocation.framework */,
				501601561DA5598200F4A5BD /* AdSupport.framework */,
				501601541DA5574F00F4A5BD /* AmazonAd.framework */,
				525FE350F07C11F19FA90568 /* libPods-OpenHardware.a */,
			);
			name = Frameworks;
			sourceTree = "<group>";
		};
/* End PBXGroup section */

/* Begin PBXNativeTarget section */
		5016012B1DA4EF1400F4A5BD /* OpenHardware */ = {
			isa = PBXNativeTarget;
			buildConfigurationList = 5016014E1DA4EF1400F4A5BD /* Build configuration list for PBXNativeTarget "OpenHardware" */;
			buildPhases = (
				FC217A9A8929671D7C049A77 /* [CP] Check Pods Manifest.lock */,
				501601281DA4EF1400F4A5BD /* Sources */,
				501601291DA4EF1400F4A5BD /* Frameworks */,
				5016012A1DA4EF1400F4A5BD /* Resources */,
				C43E3F7C94301D551AE84273 /* [CP] Embed Pods Frameworks */,
				3BA2EBDA4CDB4331E0124614 /* [CP] Copy Pods Resources */,
			);
			buildRules = (
			);
			dependencies = (
			);
			name = OpenHardware;
			productName = OpenHardware;
			productReference = 5016012C1DA4EF1400F4A5BD /* OpenHardware.app */;
			productType = "com.apple.product-type.application";
		};
		501601441DA4EF1400F4A5BD /* OpenHardwareUITests */ = {
			isa = PBXNativeTarget;
			buildConfigurationList = 501601511DA4EF1400F4A5BD /* Build configuration list for PBXNativeTarget "OpenHardwareUITests" */;
			buildPhases = (
				501601411DA4EF1400F4A5BD /* Sources */,
				501601421DA4EF1400F4A5BD /* Frameworks */,
				501601431DA4EF1400F4A5BD /* Resources */,
			);
			buildRules = (
			);
			dependencies = (
				501601471DA4EF1400F4A5BD /* PBXTargetDependency */,
			);
			name = OpenHardwareUITests;
			productName = OpenHardwareUITests;
			productReference = 501601451DA4EF1400F4A5BD /* OpenHardwareUITests.xctest */;
			productType = "com.apple.product-type.bundle.ui-testing";
		};
/* End PBXNativeTarget section */

/* Begin PBXProject section */
		501601241DA4EF1400F4A5BD /* Project object */ = {
			isa = PBXProject;
			attributes = {
				LastUpgradeCheck = 0730;
				ORGANIZATIONNAME = Kingyeung.Chan;
				TargetAttributes = {
					5016012B1DA4EF1400F4A5BD = {
						CreatedOnToolsVersion = 7.3.1;
						SystemCapabilities = {
							com.apple.BackgroundModes = {
								enabled = 0;
							};
						};
					};
					501601441DA4EF1400F4A5BD = {
						CreatedOnToolsVersion = 7.3.1;
						TestTargetID = 5016012B1DA4EF1400F4A5BD;
					};
				};
			};
			buildConfigurationList = 501601271DA4EF1400F4A5BD /* Build configuration list for PBXProject "OpenHardware" */;
			compatibilityVersion = "Xcode 3.2";
			developmentRegion = English;
			hasScannedForEncodings = 0;
			knownRegions = (
				en,
				Base,
			);
			mainGroup = 501601231DA4EF1400F4A5BD;
			productRefGroup = 5016012D1DA4EF1400F4A5BD /* Products */;
			projectDirPath = "";
			projectRoot = "";
			targets = (
				5016012B1DA4EF1400F4A5BD /* OpenHardware */,
				501601441DA4EF1400F4A5BD /* OpenHardwareUITests */,
			);
		};
/* End PBXProject section */

/* Begin PBXResourcesBuildPhase section */
		5016012A1DA4EF1400F4A5BD /* Resources */ = {
			isa = PBXResourcesBuildPhase;
			buildActionMask = 2147483647;
			files = (
				5016013F1DA4EF1400F4A5BD /* LaunchScreen.storyboard in Resources */,
				5016013C1DA4EF1400F4A5BD /* Assets.xcassets in Resources */,
				5016013A1DA4EF1400F4A5BD /* Main.storyboard in Resources */,
			);
			runOnlyForDeploymentPostprocessing = 0;
		};
		501601431DA4EF1400F4A5BD /* Resources */ = {
			isa = PBXResourcesBuildPhase;
			buildActionMask = 2147483647;
			files = (
			);
			runOnlyForDeploymentPostprocessing = 0;
		};
/* End PBXResourcesBuildPhase section */

/* Begin PBXShellScriptBuildPhase section */
		3BA2EBDA4CDB4331E0124614 /* [CP] Copy Pods Resources */ = {
			isa = PBXShellScriptBuildPhase;
			buildActionMask = 2147483647;
			files = (
			);
			inputPaths = (
			);
			name = "[CP] Copy Pods Resources";
			outputPaths = (
			);
			runOnlyForDeploymentPostprocessing = 0;
			shellPath = /bin/sh;
			shellScript = "\"${SRCROOT}/Pods/Target Support Files/Pods-OpenHardware/Pods-OpenHardware-resources.sh\"\n";
			showEnvVarsInLog = 0;
		};
		C43E3F7C94301D551AE84273 /* [CP] Embed Pods Frameworks */ = {
			isa = PBXShellScriptBuildPhase;
			buildActionMask = 2147483647;
			files = (
			);
			inputPaths = (
			);
			name = "[CP] Embed Pods Frameworks";
			outputPaths = (
			);
			runOnlyForDeploymentPostprocessing = 0;
			shellPath = /bin/sh;
			shellScript = "\"${SRCROOT}/Pods/Target Support Files/Pods-OpenHardware/Pods-OpenHardware-frameworks.sh\"\n";
			showEnvVarsInLog = 0;
		};
		FC217A9A8929671D7C049A77 /* [CP] Check Pods Manifest.lock */ = {
			isa = PBXShellScriptBuildPhase;
			buildActionMask = 2147483647;
			files = (
			);
			inputPaths = (
			);
			name = "[CP] Check Pods Manifest.lock";
			outputPaths = (
			);
			runOnlyForDeploymentPostprocessing = 0;
			shellPath = /bin/sh;
			shellScript = "diff \"${PODS_ROOT}/../Podfile.lock\" \"${PODS_ROOT}/Manifest.lock\" > /dev/null\nif [[ $? != 0 ]] ; then\n    cat << EOM\nerror: The sandbox is not in sync with the Podfile.lock. Run 'pod install' or update your CocoaPods installation.\nEOM\n    exit 1\nfi\n";
			showEnvVarsInLog = 0;
		};
/* End PBXShellScriptBuildPhase section */

/* Begin PBXSourcesBuildPhase section */
		501601281DA4EF1400F4A5BD /* Sources */ = {
			isa = PBXSourcesBuildPhase;
			buildActionMask = 2147483647;
			files = (
				500AB5551DBEDE9800730D86 /* GroupModel.m in Sources */,
				50D8AF421DC899D000882E88 /* ListTimeViewController.m in Sources */,
				501601731DA603E200F4A5BD /* HWNavigationController.m in Sources */,
				501601971DAA9D5300F4A5BD /* IP_and_PortController.m in Sources */,
				50D8AF391DC7204A00882E88 /* timerModel.m in Sources */,
				500AB54E1DBB7A9300730D86 /* ListViewController.m in Sources */,
				5016018A1DA93D9400F4A5BD /* ConfigurationListController.m in Sources */,
				5041031C1DB36ED500205A22 /* GroupViewController.m in Sources */,
				501601801DA76B9600F4A5BD /* baseViewController.m in Sources */,
				501601371DA4EF1400F4A5BD /* ControlPanelViewController.m in Sources */,
				5016017D1DA76B8000F4A5BD /* XFSegementView.m in Sources */,
				50D8AF3C1DC7242C00882E88 /* NSTimer+BlockSupports.m in Sources */,
				5016019B1DAAA20000F4A5BD /* settingCell.m in Sources */,
				500AB5511DBBA4F800730D86 /* EGOManager.m in Sources */,
				501601901DAA0B4300F4A5BD /* FileUnitManager.m in Sources */,
				501601341DA4EF1400F4A5BD /* AppDelegate.m in Sources */,
				501601931DAA34BB00F4A5BD /* DBManager.m in Sources */,
				50D8AF3F1DC86B6400882E88 /* TimeSetViewController.m in Sources */,
				50D8AF351DC71F0C00882E88 /* TimeListController.m in Sources */,
				5016018D1DA9455100F4A5BD /* baseTableViewController.m in Sources */,
				501601861DA813FF00F4A5BD /* channelAll.m in Sources */,
				501601831DA7864300F4A5BD /* channelCellBtn.m in Sources */,
				501601311DA4EF1400F4A5BD /* main.m in Sources */,
				5041031F1DB3CB8700205A22 /* GroupSetViewController.m in Sources */,
				504103181DB2917E00205A22 /* ButtonNameController.m in Sources */,
				501601771DA634BF00F4A5BD /* HomeTableViewController.m in Sources */,
				504103141DB253A000205A22 /* IdentifierValidator.m in Sources */,
				5016016F1DA602F300F4A5BD /* baseNavigationViewController.m in Sources */,
			);
			runOnlyForDeploymentPostprocessing = 0;
		};
		501601411DA4EF1400F4A5BD /* Sources */ = {
			isa = PBXSourcesBuildPhase;
			buildActionMask = 2147483647;
			files = (
				5016014A1DA4EF1400F4A5BD /* OpenHardwareUITests.m in Sources */,
			);
			runOnlyForDeploymentPostprocessing = 0;
		};
/* End PBXSourcesBuildPhase section */

/* Begin PBXTargetDependency section */
		501601471DA4EF1400F4A5BD /* PBXTargetDependency */ = {
			isa = PBXTargetDependency;
			target = 5016012B1DA4EF1400F4A5BD /* OpenHardware */;
			targetProxy = 501601461DA4EF1400F4A5BD /* PBXContainerItemProxy */;
		};
/* End PBXTargetDependency section */

/* Begin PBXVariantGroup section */
		501601381DA4EF1400F4A5BD /* Main.storyboard */ = {
			isa = PBXVariantGroup;
			children = (
				501601391DA4EF1400F4A5BD /* Base */,
			);
			name = Main.storyboard;
			sourceTree = "<group>";
		};
		5016013D1DA4EF1400F4A5BD /* LaunchScreen.storyboard */ = {
			isa = PBXVariantGroup;
			children = (
				5016013E1DA4EF1400F4A5BD /* Base */,
			);
			name = LaunchScreen.storyboard;
			sourceTree = "<group>";
		};
/* End PBXVariantGroup section */

/* Begin XCBuildConfiguration section */
		5016014C1DA4EF1400F4A5BD /* Debug */ = {
			isa = XCBuildConfiguration;
			buildSettings = {
				ALWAYS_SEARCH_USER_PATHS = NO;
				CLANG_ANALYZER_NONNULL = YES;
				CLANG_CXX_LANGUAGE_STANDARD = "gnu++0x";
				CLANG_CXX_LIBRARY = "libc++";
				CLANG_ENABLE_MODULES = YES;
				CLANG_ENABLE_OBJC_ARC = YES;
				CLANG_WARN_BOOL_CONVERSION = YES;
				CLANG_WARN_CONSTANT_CONVERSION = YES;
				CLANG_WARN_DIRECT_OBJC_ISA_USAGE = YES_ERROR;
				CLANG_WARN_EMPTY_BODY = YES;
				CLANG_WARN_ENUM_CONVERSION = YES;
				CLANG_WARN_INT_CONVERSION = YES;
				CLANG_WARN_OBJC_ROOT_CLASS = YES_ERROR;
				CLANG_WARN_UNREACHABLE_CODE = YES;
				CLANG_WARN__DUPLICATE_METHOD_MATCH = YES;
				"CODE_SIGN_IDENTITY[sdk=iphoneos*]" = "iPhone Developer";
				COPY_PHASE_STRIP = NO;
				DEBUG_INFORMATION_FORMAT = dwarf;
				ENABLE_STRICT_OBJC_MSGSEND = YES;
				ENABLE_TESTABILITY = YES;
				GCC_C_LANGUAGE_STANDARD = gnu99;
				GCC_DYNAMIC_NO_PIC = NO;
				GCC_NO_COMMON_BLOCKS = YES;
				GCC_OPTIMIZATION_LEVEL = 0;
				GCC_PREPROCESSOR_DEFINITIONS = (
					"DEBUG=1",
					"$(inherited)",
				);
				GCC_WARN_64_TO_32_BIT_CONVERSION = YES;
				GCC_WARN_ABOUT_RETURN_TYPE = YES_ERROR;
				GCC_WARN_UNDECLARED_SELECTOR = YES;
				GCC_WARN_UNINITIALIZED_AUTOS = YES_AGGRESSIVE;
				GCC_WARN_UNUSED_FUNCTION = YES;
				GCC_WARN_UNUSED_VARIABLE = YES;
				IPHONEOS_DEPLOYMENT_TARGET = 9.3;
				MTL_ENABLE_DEBUG_INFO = YES;
				ONLY_ACTIVE_ARCH = YES;
				SDKROOT = iphoneos;
			};
			name = Debug;
		};
		5016014D1DA4EF1400F4A5BD /* Release */ = {
			isa = XCBuildConfiguration;
			buildSettings = {
				ALWAYS_SEARCH_USER_PATHS = NO;
				CLANG_ANALYZER_NONNULL = YES;
				CLANG_CXX_LANGUAGE_STANDARD = "gnu++0x";
				CLANG_CXX_LIBRARY = "libc++";
				CLANG_ENABLE_MODULES = YES;
				CLANG_ENABLE_OBJC_ARC = YES;
				CLANG_WARN_BOOL_CONVERSION = YES;
				CLANG_WARN_CONSTANT_CONVERSION = YES;
				CLANG_WARN_DIRECT_OBJC_ISA_USAGE = YES_ERROR;
				CLANG_WARN_EMPTY_BODY = YES;
				CLANG_WARN_ENUM_CONVERSION = YES;
				CLANG_WARN_INT_CONVERSION = YES;
				CLANG_WARN_OBJC_ROOT_CLASS = YES_ERROR;
				CLANG_WARN_UNREACHABLE_CODE = YES;
				CLANG_WARN__DUPLICATE_METHOD_MATCH = YES;
				"CODE_SIGN_IDENTITY[sdk=iphoneos*]" = "iPhone Developer";
				COPY_PHASE_STRIP = NO;
				DEBUG_INFORMATION_FORMAT = "dwarf-with-dsym";
				ENABLE_NS_ASSERTIONS = NO;
				ENABLE_STRICT_OBJC_MSGSEND = YES;
				GCC_C_LANGUAGE_STANDARD = gnu99;
				GCC_NO_COMMON_BLOCKS = YES;
				GCC_WARN_64_TO_32_BIT_CONVERSION = YES;
				GCC_WARN_ABOUT_RETURN_TYPE = YES_ERROR;
				GCC_WARN_UNDECLARED_SELECTOR = YES;
				GCC_WARN_UNINITIALIZED_AUTOS = YES_AGGRESSIVE;
				GCC_WARN_UNUSED_FUNCTION = YES;
				GCC_WARN_UNUSED_VARIABLE = YES;
				IPHONEOS_DEPLOYMENT_TARGET = 9.3;
				MTL_ENABLE_DEBUG_INFO = NO;
				SDKROOT = iphoneos;
				VALIDATE_PRODUCT = YES;
			};
			name = Release;
		};
		5016014F1DA4EF1400F4A5BD /* Debug */ = {
			isa = XCBuildConfiguration;
			baseConfigurationReference = 714B0891DC29DEAAA972D1F0 /* Pods-OpenHardware.debug.xcconfig */;
			buildSettings = {
				ASSETCATALOG_COMPILER_APPICON_NAME = AppIcon;
				FRAMEWORK_SEARCH_PATHS = (
					"$(inherited)",
					"$(PROJECT_DIR)",
				);
				INFOPLIST_FILE = OpenHardware/Info.plist;
				IPHONEOS_DEPLOYMENT_TARGET = 9.0;
				LD_RUNPATH_SEARCH_PATHS = "$(inherited) @executable_path/Frameworks";
				PRODUCT_BUNDLE_IDENTIFIER = com.sainstore.OpenHardware;
				PRODUCT_NAME = "$(TARGET_NAME)";
			};
			name = Debug;
		};
		501601501DA4EF1400F4A5BD /* Release */ = {
			isa = XCBuildConfiguration;
			baseConfigurationReference = 393E0A4415E7BCF321AB96F8 /* Pods-OpenHardware.release.xcconfig */;
			buildSettings = {
				ASSETCATALOG_COMPILER_APPICON_NAME = AppIcon;
				FRAMEWORK_SEARCH_PATHS = (
					"$(inherited)",
					"$(PROJECT_DIR)",
				);
				INFOPLIST_FILE = OpenHardware/Info.plist;
				IPHONEOS_DEPLOYMENT_TARGET = 9.0;
				LD_RUNPATH_SEARCH_PATHS = "$(inherited) @executable_path/Frameworks";
				PRODUCT_BUNDLE_IDENTIFIER = com.sainstore.OpenHardware;
				PRODUCT_NAME = "$(TARGET_NAME)";
			};
			name = Release;
		};
		501601521DA4EF1400F4A5BD /* Debug */ = {
			isa = XCBuildConfiguration;
			buildSettings = {
				INFOPLIST_FILE = OpenHardwareUITests/Info.plist;
				LD_RUNPATH_SEARCH_PATHS = "$(inherited) @executable_path/Frameworks @loader_path/Frameworks";
				PRODUCT_BUNDLE_IDENTIFIER = com.sainstore.OpenHardwareUITests;
				PRODUCT_NAME = "$(TARGET_NAME)";
				TEST_TARGET_NAME = OpenHardware;
			};
			name = Debug;
		};
		501601531DA4EF1400F4A5BD /* Release */ = {
			isa = XCBuildConfiguration;
			buildSettings = {
				INFOPLIST_FILE = OpenHardwareUITests/Info.plist;
				LD_RUNPATH_SEARCH_PATHS = "$(inherited) @executable_path/Frameworks @loader_path/Frameworks";
				PRODUCT_BUNDLE_IDENTIFIER = com.sainstore.OpenHardwareUITests;
				PRODUCT_NAME = "$(TARGET_NAME)";
				TEST_TARGET_NAME = OpenHardware;
			};
			name = Release;
		};
/* End XCBuildConfiguration section */

/* Begin XCConfigurationList section */
		501601271DA4EF1400F4A5BD /* Build configuration list for PBXProject "OpenHardware" */ = {
			isa = XCConfigurationList;
			buildConfigurations = (
				5016014C1DA4EF1400F4A5BD /* Debug */,
				5016014D1DA4EF1400F4A5BD /* Release */,
			);
			defaultConfigurationIsVisible = 0;
			defaultConfigurationName = Release;
		};
		5016014E1DA4EF1400F4A5BD /* Build configuration list for PBXNativeTarget "OpenHardware" */ = {
			isa = XCConfigurationList;
			buildConfigurations = (
				5016014F1DA4EF1400F4A5BD /* Debug */,
				501601501DA4EF1400F4A5BD /* Release */,
			);
			defaultConfigurationIsVisible = 0;
			defaultConfigurationName = Release;
		};
		501601511DA4EF1400F4A5BD /* Build configuration list for PBXNativeTarget "OpenHardwareUITests" */ = {
			isa = XCConfigurationList;
			buildConfigurations = (
				501601521DA4EF1400F4A5BD /* Debug */,
				501601531DA4EF1400F4A5BD /* Release */,
			);
			defaultConfigurationIsVisible = 0;
			defaultConfigurationName = Release;
		};
/* End XCConfigurationList section */
	};
	rootObject = 501601241DA4EF1400F4A5BD /* Project object */;
}
